github.com/yu-org/yu v0.0.0-20240712105037-edee6e10d44d h1:hiNPq8HizIi9lNE43OFVarXZc3dUAYKbaOiEXgARwmM=
github.com/yu-org/yu v0.0.0-20240712105037-edee6e10d44d/go.mod h1:MebubG2I3xLVRp9dMQNIUh5uS/nh1LSNw4p6INCu//8=
github.com/yu-org/yu v0.0.0-20240713133752-0694cdded924 h1:XRrsdURTHDbUDWawagYXkHc0/xtkp2l1C+iyfpj1p68=
github.com/yu-org/yu v0.0.0-20240713133752-0694cdded924/go.mod h1:MebubG2I3xLVRp9dMQNIUh5uS/nh1LSNw4p6INCu//8=
github.com/yu-org/yu v0.0.0-20240713142807-6566182171c1 h1:MlcgwGbWPFU2FqP+vKEYaOYSvPDf738ih47EDEs0PcQ=
github.com/yu-org/yu v0.0.0-20240713142807-6566182171c1/go.mod h1:MebubG2I3xLVRp9dMQNIUh5uS/nh1LSNw4p6INCu//8=
github.com/yu-org/yu v0.0.0-20240714023156-79ea7b063cb1 h1:pNOqqLEgvafZFwAv2UfmIn6htVy7q+itIHpdtYdvBrk=
github.com/yu-org/yu v0.0.0-20240714023156-79ea7b063cb1/go.mod h1:MebubG2I3xLVRp9dMQNIUh5uS/nh1LSNw4p6INCu//8=
github.com/yu-org/yu v0.0.0-20240714155022-6349c1a9ce26 h1:giPHxIujaaht4sDqw0AnVMkbhvBtb1eiziEuCdpq3bQ=
github.com/yu-org/yu v0.0.0-20240714155022-6349c1a9ce26/go.mod h1:MebubG2I3xLVRp9dMQNIUh5uS/nh1LSNw4p6INCu//8=
github.com/yu-org/yu v0.0.0-20240715155159-486cedc8c614 h1:RdqH2jMOCDQiBwjMnLQMLAK1/CbIDiAcNJaMTPheXUs=
github.com/yu-org/yu v0.0.0-20240715155159-486cedc8c614/go.mod h1:MebubG2I3xLVRp9dMQNIUh5uS/nh1LSNw4p6INCu//8=
github.com/yu-org/yu v0.0.0-20240715160822-530a43043eaa h1:JSwBQlGd1T5zqfCIbm6IbftIVSplwnKfHd5RtIuKS7Q=
github.com/yu-org/yu v0.0.0-20240715160822-530a43043eaa/go.mod h1:MebubG2I3xLVRp9dMQNIUh5uS/nh1LSNw4p6INCu//8=
github.com/yu-org/yu v0.0.0-20240718133138-87ccc459fc6c h1:vIhTtD0Ok0kCqnY5mrV+7/4ZDOPpoxBLxsz9fja+oC8=
github.com/yu-org/yu v0.0.0-20240718133138-87ccc459fc6c/go.mod h1:MebubG2I3xLVRp9dMQNIUh5uS/nh1LSNw4p6INCu//8=
github.com/yu-org/yu v0.0.0-20240718134717-710073eed151 h1:dM01uFiFoCMJG0FB849UOEA+wOJs7rvvqbFZaGghZeQ=
github.com/yu-org/yu v0.0.0-20240718134717-710073eed151/go.mod h1:MebubG2I3xLVRp9dMQNIUh5uS/nh1LSNw4p6INCu//8=
github.com/yu-org/yu v0.0.0-20240723063828-6e62ae925022 h1:adLOEJFcXHVqT7mECWI/j3r7UNN3MroApZ69OUTV7/M=
github.com/yu-org/yu v0.0.0-20240723063828-6e62ae925022/go.mod h1:MebubG2I3xLVRp9dMQNIUh5uS/nh1LSNw4p6INCu//8=
github.com/yu-org/yu v0.0.0-20240724065154-f6165ea23a46 h1:eV6wUKjcE3Rx526tpHcdbhF4QMtRsstHQpUHi1sSpEQ=
github.com/yu-org/yu v0.0.0-20240724065154-f6165ea23a46/go.mod h1:MebubG2I3xLVRp9dMQNIUh5uS/nh1LSNw4p6INCu//8=
