github.com/yu-org/yu v0.0.0-20240712105037-edee6e10d44d h1:hiNPq8HizIi9lNE43OFVarXZc3dUAYKbaOiEXgARwmM=
github.com/yu-org/yu v0.0.0-20240712105037-edee6e10d44d/go.mod h1:MebubG2I3xLVRp9dMQNIUh5uS/nh1LSNw4p6INCu//8=
github.com/yu-org/yu v0.0.0-20240713133752-0694cdded924 h1:XRrsdURTHDbUDWawagYXkHc0/xtkp2l1C+iyfpj1p68=
github.com/yu-org/yu v0.0.0-20240713133752-0694cdded924/go.mod h1:MebubG2I3xLVRp9dMQNIUh5uS/nh1LSNw4p6INCu//8=
github.com/yu-org/yu v0.0.0-20240713142807-6566182171c1 h1:MlcgwGbWPFU2FqP+vKEYaOYSvPDf738ih47EDEs0PcQ=
github.com/yu-org/yu v0.0.0-20240713142807-6566182171c1/go.mod h1:MebubG2I3xLVRp9dMQNIUh5uS/nh1LSNw4p6INCu//8=
github.com/yu-org/yu v0.0.0-20240714023156-79ea7b063cb1 h1:pNOqqLEgvafZFwAv2UfmIn6htVy7q+itIHpdtYdvBrk=
github.com/yu-org/yu v0.0.0-20240714023156-79ea7b063cb1/go.mod h1:MebubG2I3xLVRp9dMQNIUh5uS/nh1LSNw4p6INCu//8=
github.com/yu-org/yu v0.0.0-20240714155022-6349c1a9ce26 h1:giPHxIujaaht4sDqw0AnVMkbhvBtb1eiziEuCdpq3bQ=
github.com/yu-org/yu v0.0.0-20240714155022-6349c1a9ce26/go.mod h1:MebubG2I3xLVRp9dMQNIUh5uS/nh1LSNw4p6INCu//8=
github.com/yu-org/yu v0.0.0-20240715155159-486cedc8c614 h1:RdqH2jMOCDQiBwjMnLQMLAK1/CbIDiAcNJaMTPheXUs=
github.com/yu-org/yu v0.0.0-20240715155159-486cedc8c614/go.mod h1:MebubG2I3xLVRp9dMQNIUh5uS/nh1LSNw4p6INCu//8=
github.com/yu-org/yu v0.0.0-20240715160822-530a43043eaa h1:JSwBQlGd1T5zqfCIbm6IbftIVSplwnKfHd5RtIuKS7Q=
github.com/yu-org/yu v0.0.0-20240715160822-530a43043eaa/go.mod h1:MebubG2I3xLVRp9dMQNIUh5uS/nh1LSNw4p6INCu//8=
github.com/yu-org/yu v0.0.0-20240718133138-87ccc459fc6c h1:vIhTtD0Ok0kCqnY5mrV+7/4ZDOPpoxBLxsz9fja+oC8=
github.com/yu-org/yu v0.0.0-20240718133138-87ccc459fc6c/go.mod h1:MebubG2I3xLVRp9dMQNIUh5uS/nh1LSNw4p6INCu//8=
github.com/yu-org/yu v0.0.0-20240718134717-710073eed151 h1:dM01uFiFoCMJG0FB849UOEA+wOJs7rvvqbFZaGghZeQ=
github.com/yu-org/yu v0.0.0-20240718134717-710073eed151/go.mod h1:MebubG2I3xLVRp9dMQNIUh5uS/nh1LSNw4p6INCu//8=
github.com/yu-org/yu v0.0.0-20240723063828-6e62ae925022 h1:adLOEJFcXHVqT7mECWI/j3r7UNN3MroApZ69OUTV7/M=
github.com/yu-org/yu v0.0.0-20240723063828-6e62ae925022/go.mod h1:MebubG2I3xLVRp9dMQNIUh5uS/nh1LSNw4p6INCu//8=
github.com/yu-org/yu v0.0.0-20240724065154-f6165ea23a46 h1:eV6wUKjcE3Rx526tpHcdbhF4QMtRsstHQpUHi1sSpEQ=
github.com/yu-org/yu v0.0.0-20240724065154-f6165ea23a46/go.mod h1:MebubG2I3xLVRp9dMQNIUh5uS/nh1LSNw4p6INCu//8=
github.com/yu-org/yu v0.0.0-20240724102052-1f8e68677cf7 h1:sOp4LN8oZyV98SfYZcQ5l6olr4xlkrEwwN3K7Mc2Ato=
github.com/yu-org/yu v0.0.0-20240724102052-1f8e68677cf7/go.mod h1:MebubG2I3xLVRp9dMQNIUh5uS/nh1LSNw4p6INCu//8=
github.com/yu-org/yu v0.0.0-20240725043823-aa17bde5eb5e h1:eeQ6hU0R4pM2AuQz1WXydFhPt877chFMknjpsFOYpvg=
github.com/yu-org/yu v0.0.0-20240725043823-aa17bde5eb5e/go.mod h1:MebubG2I3xLVRp9dMQNIUh5uS/nh1LSNw4p6INCu//8=
github.com/yu-org/yu v0.0.0-20240728011015-8fab1595aed7 h1:oV5tPXzqor9OB+ku/Od6LoFrvd8Bh8xZR6dK5l+CS1k=
github.com/yu-org/yu v0.0.0-20240728011015-8fab1595aed7/go.mod h1:WBUP1KQR60y8qx5eA974Kn6X1Ckq28tbx7s36i16FI0=
github.com/yu-org/yu v0.0.0-20240728074746-658e179f4039 h1:G9KFjbnV2mjbtKVQfSTN9/hMxpSMOBZN8KHxklAE8u0=
github.com/yu-org/yu v0.0.0-20240728074746-658e179f4039/go.mod h1:WBUP1KQR60y8qx5eA974Kn6X1Ckq28tbx7s36i16FI0=
github.com/yu-org/yu v0.0.0-20240729050634-cf2eb094890e h1:4FknF+ShpdUEm7AQNonFm9Xi0Mc05OgtgvZvukuOdMI=
github.com/yu-org/yu v0.0.0-20240729050634-cf2eb094890e/go.mod h1:WBUP1KQR60y8qx5eA974Kn6X1Ckq28tbx7s36i16FI0=
github.com/yu-org/yu v0.0.0-20240729054205-006d1c682c99 h1:pSkMpoUwA+gdtv6zkJBg8WDcZzl2eRKcvLbCsatuNRo=
github.com/yu-org/yu v0.0.0-20240729054205-006d1c682c99/go.mod h1:WBUP1KQR60y8qx5eA974Kn6X1Ckq28tbx7s36i16FI0=
github.com/yu-org/yu v0.0.0-20240729054816-6bb099fd1b81 h1:CMH4zeYxDk6WRf/69NHqwZkfpJgqh1cC+PwbSxCMoZk=
github.com/yu-org/yu v0.0.0-20240729054816-6bb099fd1b81/go.mod h1:WBUP1KQR60y8qx5eA974Kn6X1Ckq28tbx7s36i16FI0=
github.com/yu-org/yu v0.0.0-20240729100016-8a5cb2743c2c h1:bUfGskSHFwqoJE1SIcfNakb1QSgpXbSp7zKCEXD06UQ=
github.com/yu-org/yu v0.0.0-20240729100016-8a5cb2743c2c/go.mod h1:WBUP1KQR60y8qx5eA974Kn6X1Ckq28tbx7s36i16FI0=
github.com/yu-org/yu v0.0.0-20240730044908-8faa4198641e h1:4g33WZtP1J4IfIGvwxOXWl4hQtPVtfMyLGkJLrIQPdY=
github.com/yu-org/yu v0.0.0-20240730044908-8faa4198641e/go.mod h1:WBUP1KQR60y8qx5eA974Kn6X1Ckq28tbx7s36i16FI0=
github.com/yu-org/yu v0.0.0-20240730063938-e1ea1aac763a h1:a79ZTnR42ly8U5u34c13MQglntdlRRp5HUwBeovAkZU=
github.com/yu-org/yu v0.0.0-20240730063938-e1ea1aac763a/go.mod h1:WBUP1KQR60y8qx5eA974Kn6X1Ckq28tbx7s36i16FI0=
